
Microsoft Visual Studio Solution File, Format Version 12.00
# Visual Studio 15
VisualStudioVersion = 15.0.27004.2005
MinimumVisualStudioVersion = 10.0.40219.1
Project("{FAE04EC0-301F-11D3-BF4B-00C04F79EFBC}") = "ShoppingCartKata", "ShoppingCartKata\ShoppingCartKata.csproj", "{F5B89F01-7B87-498F-B105-B1098ED3C4D5}"
EndProject
Project("{FAE04EC0-301F-11D3-BF4B-00C04F79EFBC}") = "ShoppingCartKata.Tests", "ShoppingCartKata.Tests\ShoppingCartKata.Tests.csproj", "{F84F1CC5-546E-4B40-85E8-8D942A2341A4}"
EndProject
Global
	GlobalSection(SolutionConfigurationPlatforms) = preSolution
		Debug|Any CPU = Debug|Any CPU
		Release|Any CPU = Release|Any CPU
	EndGlobalSection
	GlobalSection(ProjectConfigurationPlatforms) = postSolution
		{F5B89F01-7B87-498F-B105-B1098ED3C4D5}.Debug|Any CPU.ActiveCfg = Debug|Any CPU
		{F5B89F01-7B87-498F-B105-B1098ED3C4D5}.Debug|Any CPU.Build.0 = Debug|Any CPU
		{F5B89F01-7B87-498F-B105-B1098ED3C4D5}.Release|Any CPU.ActiveCfg = Release|Any CPU
		{F5B89F01-7B87-498F-B105-B1098ED3C4D5}.Release|Any CPU.Build.0 = Release|Any CPU
		{F84F1CC5-546E-4B40-85E8-8D942A2341A4}.Debug|Any CPU.ActiveCfg = Debug|Any CPU
		{F84F1CC5-546E-4B40-85E8-8D942A2341A4}.Debug|Any CPU.Build.0 = Debug|Any CPU
		{F84F1CC5-546E-4B40-85E8-8D942A2341A4}.Release|Any CPU.ActiveCfg = Release|Any CPU
		{F84F1CC5-546E-4B40-85E8-8D942A2341A4}.Release|Any CPU.Build.0 = Release|Any CPU
	EndGlobalSection
	GlobalSection(SolutionProperties) = preSolution
		HideSolutionNode = FALSE
	EndGlobalSection
	GlobalSection(ExtensibilityGlobals) = postSolution
		SolutionGuid = {480FC29D-9500-457E-B37E-8FC5314B1CD9}
	EndGlobalSection
EndGlobal
